
Microsoft Visual Studio Solution File, Format Version 12.00
# Visual Studio Version 17
VisualStudioVersion = 17.9.34616.47
MinimumVisualStudioVersion = 10.0.40219.1
Project("{8BC9CEB8-8B4A-11D0-8D11-00A0C91BC942}") = "SimpleKOLogger", "SimpleKOLogger.vcxproj", "{E88FFC2A-9AAB-4A68-9F56-BEC7528791F3}"
	ProjectSection(ProjectDependencies) = postProject
		{82953BDA-2960-4ADA-A6D5-92E65CCB4A3D} = {82953BDA-2960-4ADA-A6D5-92E65CCB4A3D}
	EndProjectSection
EndProject
Global
	GlobalSection(SolutionConfigurationPlatforms) = preSolution
		Debug|x64 = Debug|x64
		Debug|x86 = Debug|x86
		Release|x64 = Release|x64
		Release|x86 = Release|x86
	EndGlobalSection
	GlobalSection(ProjectConfigurationPlatforms) = postSolution
		{E88FFC2A-9AAB-4A68-9F56-BEC7528791F3}.Debug|x64.ActiveCfg = Debug|x64
		{E88FFC2A-9AAB-4A68-9F56-BEC7528791F3}.Debug|x64.Build.0 = Debug|x64
		{E88FFC2A-9AAB-4A68-9F56-BEC7528791F3}.Debug|x86.ActiveCfg = Debug|x64
		{E88FFC2A-9AAB-4A68-9F56-BEC7528791F3}.Debug|x86.Build.0 = Debug|x64
		{E88FFC2A-9AAB-4A68-9F56-BEC7528791F3}.Release|x64.ActiveCfg = Release|x64
		{E88FFC2A-9AAB-4A68-9F56-BEC7528791F3}.Release|x64.Build.0 = Release|x64
		{E88FFC2A-9AAB-4A68-9F56-BEC7528791F3}.Release|x86.ActiveCfg = Release|x64
		{E88FFC2A-9AAB-4A68-9F56-BEC7528791F3}.Release|x86.Build.0 = Release|x64
	EndGlobalSection
	GlobalSection(SolutionProperties) = preSolution
		HideSolutionNode = FALSE
	EndGlobalSection
	GlobalSection(ExtensibilityGlobals) = postSolution
		SolutionGuid = {761A449F-4834-48B2-B4A2-BB4061A3DB81}
	EndGlobalSection
EndGlobal
